{
  "version": 4,
  "terraform_version": "1.10.5",
  "serial": 35,
  "lineage": "512870e5-6832-f706-9987-d5ddb290b6af",
  "outputs": {
    "bigquery_dataset": {
      "value": "rashmi_d5d60989",
      "type": "string"
    },
    "bigquery_table": {
      "value": "masking-table-sample",
      "type": "string"
    }
  },
  "resources": [
    {
      "mode": "data",
      "type": "local_file",
      "name": "table_schema",
      "provider": "provider[\"registry.terraform.io/hashicorp/local\"]",
      "instances": [
        {
          "schema_version": 0,
          "attributes": {
            "content": "[\r\n  {\r\n    \"mode\": \"REQUIRED\",\r\n    \"name\": \"id\",\r\n    \"type\": \"BIGNUMERIC\"\r\n  },\r\n  {\r\n    \"mode\": \"REQUIRED\",\r\n    \"name\": \"status\",\r\n    \"type\": \"STRING\"\r\n  }\r\n]\r\n",
            "content_base64": "Ww0KICB7DQogICAgIm1vZGUiOiAiUkVRVUlSRUQiLA0KICAgICJuYW1lIjogImlkIiwNCiAgICAidHlwZSI6ICJCSUdOVU1FUklDIg0KICB9LA0KICB7DQogICAgIm1vZGUiOiAiUkVRVUlSRUQiLA0KICAgICJuYW1lIjogInN0YXR1cyIsDQogICAgInR5cGUiOiAiU1RSSU5HIg0KICB9DQpdDQo=",
            "content_base64sha256": "awqdWvqa9qm0nC55Et8gERPnSIUy9t/T5UNCjakSS/s=",
            "content_base64sha512": "o/0vW8uM1T1GYNhv7TqgxviJst+1m599UE7LNc1L5u3RG2NGTAeAVSasvpOBo1n2LoTvxAPcj3MSe9aTYihNNg==",
            "content_md5": "9e0a2217aebe76f4d040bf70d6838add",
            "content_sha1": "e79aafd577906fb61732ebded75154fe81881d53",
            "content_sha256": "6b0a9d5afa9af6a9b49c2e7912df201113e7488532f6dfd3e543428da9124bfb",
            "content_sha512": "a3fd2f5bcb8cd53d4660d86fed3aa0c6f889b2dfb59b9f7d504ecb35cd4be6edd11b63464c07805526acbe9381a359f62e84efc403dc8f73127bd69362284d36",
            "filename": "./schemas/masking-table-sample_schema.json",
            "id": "e79aafd577906fb61732ebded75154fe81881d53"
          },
          "sensitive_attributes": []
        }
      ]
    },
    {
      "mode": "managed",
      "type": "google_bigquery_routine",
      "name": "custom_masking_routine",
      "provider": "provider[\"registry.terraform.io/hashicorp/google\"]",
      "instances": [
        {
          "schema_version": 0,
          "attributes": {
            "arguments": [
              {
                "argument_kind": "FIXED_TYPE",
                "data_type": "{\"typeKind\":\"STRING\"}",
                "mode": "",
                "name": "status"
              }
            ],
            "creation_time": -701394190,
            "data_governance_type": "DATA_MASKING",
            "dataset_id": "rashmi_d5d60989",
            "definition_body": "SAFE_CAST(REGEXP_REPLACE(SAFE_CAST(status AS STRING), '[0-9]', 'X') AS STRING)",
            "description": "",
            "determinism_level": "",
            "id": "projects/inlaid-goods-451523-i3/datasets/rashmi_d5d60989/routines/custom_masking_routine",
            "imported_libraries": null,
            "language": "SQL",
            "last_modified_time": -701394190,
            "project": "inlaid-goods-451523-i3",
            "remote_function_options": [],
            "return_table_type": "",
            "return_type": "{\"typeKind\":\"STRING\"}",
            "routine_id": "custom_masking_routine",
            "routine_type": "SCALAR_FUNCTION",
            "spark_options": [],
            "timeouts": null
          },
          "sensitive_attributes": [],
          "private": "eyJlMmJmYjczMC1lY2FhLTExZTYtOGY4OC0zNDM2M2JjN2M0YzAiOnsiY3JlYXRlIjoxMjAwMDAwMDAwMDAwLCJkZWxldGUiOjEyMDAwMDAwMDAwMDAsInVwZGF0ZSI6MTIwMDAwMDAwMDAwMH19"
        }
      ]
    },
    {
      "mode": "managed",
      "type": "google_data_catalog_policy_tag",
      "name": "policy_tag",
      "provider": "provider[\"registry.terraform.io/hashicorp/google\"]",
      "instances": [
        {
          "schema_version": 0,
          "attributes": {
            "child_policy_tags": [],
            "description": "A policy tag for masking",
            "display_name": "masking_policy_tag",
            "id": "projects/inlaid-goods-451523-i3/locations/us-central1/taxonomies/2599279497511658979/policyTags/6264453574646671215",
            "name": "projects/inlaid-goods-451523-i3/locations/us-central1/taxonomies/2599279497511658979/policyTags/6264453574646671215",
            "parent_policy_tag": "",
            "taxonomy": "projects/inlaid-goods-451523-i3/locations/us-central1/taxonomies/2599279497511658979",
            "timeouts": null
          },
          "sensitive_attributes": [],
          "private": "eyJlMmJmYjczMC1lY2FhLTExZTYtOGY4OC0zNDM2M2JjN2M0YzAiOnsiY3JlYXRlIjoxMjAwMDAwMDAwMDAwLCJkZWxldGUiOjEyMDAwMDAwMDAwMDAsInVwZGF0ZSI6MTIwMDAwMDAwMDAwMH19",
          "dependencies": [
            "google_data_catalog_taxonomy.orders_taxonomy"
          ]
        }
      ]
    },
    {
      "mode": "managed",
      "type": "google_data_catalog_taxonomy",
      "name": "orders_taxonomy",
      "provider": "provider[\"registry.terraform.io/hashicorp/google\"]",
      "instances": [
        {
          "schema_version": 0,
          "attributes": {
            "activated_policy_types": [
              "FINE_GRAINED_ACCESS_CONTROL"
            ],
            "description": "A collection of policy tags",
            "display_name": "taxonomy",
            "id": "projects/inlaid-goods-451523-i3/locations/us-central1/taxonomies/2599279497511658979",
            "name": "projects/inlaid-goods-451523-i3/locations/us-central1/taxonomies/2599279497511658979",
            "project": "inlaid-goods-451523-i3",
            "region": "us-central1",
            "timeouts": null
          },
          "sensitive_attributes": [],
          "private": "eyJlMmJmYjczMC1lY2FhLTExZTYtOGY4OC0zNDM2M2JjN2M0YzAiOnsiY3JlYXRlIjoxMjAwMDAwMDAwMDAwLCJkZWxldGUiOjEyMDAwMDAwMDAwMDAsInVwZGF0ZSI6MTIwMDAwMDAwMDAwMH19"
        }
      ]
    },
    {
      "mode": "managed",
      "type": "random_id",
      "name": "id",
      "provider": "provider[\"registry.terraform.io/hashicorp/random\"]",
      "instances": [
        {
          "schema_version": 0,
          "attributes": {
            "b64_std": "VLdL2MhYshg=",
            "b64_url": "VLdL2MhYshg",
            "byte_length": 8,
            "dec": "6104431214370271768",
            "hex": "54b74bd8c858b218",
            "id": "VLdL2MhYshg",
            "keepers": {
              "first": "2025-03-27T06:02:07Z"
            },
            "prefix": null
          },
          "sensitive_attributes": []
        }
      ]
    },
    {
      "module": "module.project-services",
      "mode": "data",
      "type": "google_compute_default_service_account",
      "name": "default",
      "provider": "provider[\"registry.terraform.io/hashicorp/google\"]",
      "instances": []
    },
    {
      "module": "module.project-services",
      "mode": "managed",
      "type": "google_project_iam_member",
      "name": "project_service_identity_roles",
      "provider": "provider[\"registry.terraform.io/hashicorp/google\"]",
      "instances": []
    },
    {
      "module": "module.project-services",
      "mode": "managed",
      "type": "google_project_service",
      "name": "project_services",
      "provider": "provider[\"registry.terraform.io/hashicorp/google\"]",
      "instances": [
        {
          "index_key": "bigquery.googleapis.com",
          "schema_version": 0,
          "attributes": {
            "disable_dependent_services": true,
            "disable_on_destroy": false,
            "id": "inlaid-goods-451523-i3/bigquery.googleapis.com",
            "project": "inlaid-goods-451523-i3",
            "service": "bigquery.googleapis.com",
            "timeouts": null
          },
          "sensitive_attributes": [],
          "private": "eyJlMmJmYjczMC1lY2FhLTExZTYtOGY4OC0zNDM2M2JjN2M0YzAiOnsiY3JlYXRlIjoxMjAwMDAwMDAwMDAwLCJkZWxldGUiOjEyMDAwMDAwMDAwMDAsInJlYWQiOjYwMDAwMDAwMDAwMCwidXBkYXRlIjoxMjAwMDAwMDAwMDAwfX0="
        },
        {
          "index_key": "bigquerydatapolicy.googleapis.com",
          "schema_version": 0,
          "attributes": {
            "disable_dependent_services": true,
            "disable_on_destroy": false,
            "id": "inlaid-goods-451523-i3/bigquerydatapolicy.googleapis.com",
            "project": "inlaid-goods-451523-i3",
            "service": "bigquerydatapolicy.googleapis.com",
            "timeouts": null
          },
          "sensitive_attributes": [],
          "private": "eyJlMmJmYjczMC1lY2FhLTExZTYtOGY4OC0zNDM2M2JjN2M0YzAiOnsiY3JlYXRlIjoxMjAwMDAwMDAwMDAwLCJkZWxldGUiOjEyMDAwMDAwMDAwMDAsInJlYWQiOjYwMDAwMDAwMDAwMCwidXBkYXRlIjoxMjAwMDAwMDAwMDAwfX0="
        },
        {
          "index_key": "bigquerydatatransfer.googleapis.com",
          "schema_version": 0,
          "attributes": {
            "disable_dependent_services": true,
            "disable_on_destroy": false,
            "id": "inlaid-goods-451523-i3/bigquerydatatransfer.googleapis.com",
            "project": "inlaid-goods-451523-i3",
            "service": "bigquerydatatransfer.googleapis.com",
            "timeouts": null
          },
          "sensitive_attributes": [],
          "private": "eyJlMmJmYjczMC1lY2FhLTExZTYtOGY4OC0zNDM2M2JjN2M0YzAiOnsiY3JlYXRlIjoxMjAwMDAwMDAwMDAwLCJkZWxldGUiOjEyMDAwMDAwMDAwMDAsInJlYWQiOjYwMDAwMDAwMDAwMCwidXBkYXRlIjoxMjAwMDAwMDAwMDAwfX0="
        },
        {
          "index_key": "bigquerystorage.googleapis.com",
          "schema_version": 0,
          "attributes": {
            "disable_dependent_services": true,
            "disable_on_destroy": false,
            "id": "inlaid-goods-451523-i3/bigquerystorage.googleapis.com",
            "project": "inlaid-goods-451523-i3",
            "service": "bigquerystorage.googleapis.com",
            "timeouts": null
          },
          "sensitive_attributes": [],
          "private": "eyJlMmJmYjczMC1lY2FhLTExZTYtOGY4OC0zNDM2M2JjN2M0YzAiOnsiY3JlYXRlIjoxMjAwMDAwMDAwMDAwLCJkZWxldGUiOjEyMDAwMDAwMDAwMDAsInJlYWQiOjYwMDAwMDAwMDAwMCwidXBkYXRlIjoxMjAwMDAwMDAwMDAwfX0="
        },
        {
          "index_key": "cloudapis.googleapis.com",
          "schema_version": 0,
          "attributes": {
            "disable_dependent_services": true,
            "disable_on_destroy": false,
            "id": "inlaid-goods-451523-i3/cloudapis.googleapis.com",
            "project": "inlaid-goods-451523-i3",
            "service": "cloudapis.googleapis.com",
            "timeouts": null
          },
          "sensitive_attributes": [],
          "private": "eyJlMmJmYjczMC1lY2FhLTExZTYtOGY4OC0zNDM2M2JjN2M0YzAiOnsiY3JlYXRlIjoxMjAwMDAwMDAwMDAwLCJkZWxldGUiOjEyMDAwMDAwMDAwMDAsInJlYWQiOjYwMDAwMDAwMDAwMCwidXBkYXRlIjoxMjAwMDAwMDAwMDAwfX0="
        },
        {
          "index_key": "cloudbuild.googleapis.com",
          "schema_version": 0,
          "attributes": {
            "disable_dependent_services": true,
            "disable_on_destroy": false,
            "id": "inlaid-goods-451523-i3/cloudbuild.googleapis.com",
            "project": "inlaid-goods-451523-i3",
            "service": "cloudbuild.googleapis.com",
            "timeouts": null
          },
          "sensitive_attributes": [],
          "private": "eyJlMmJmYjczMC1lY2FhLTExZTYtOGY4OC0zNDM2M2JjN2M0YzAiOnsiY3JlYXRlIjoxMjAwMDAwMDAwMDAwLCJkZWxldGUiOjEyMDAwMDAwMDAwMDAsInJlYWQiOjYwMDAwMDAwMDAwMCwidXBkYXRlIjoxMjAwMDAwMDAwMDAwfX0="
        },
        {
          "index_key": "config.googleapis.com",
          "schema_version": 0,
          "attributes": {
            "disable_dependent_services": true,
            "disable_on_destroy": false,
            "id": "inlaid-goods-451523-i3/config.googleapis.com",
            "project": "inlaid-goods-451523-i3",
            "service": "config.googleapis.com",
            "timeouts": null
          },
          "sensitive_attributes": [],
          "private": "eyJlMmJmYjczMC1lY2FhLTExZTYtOGY4OC0zNDM2M2JjN2M0YzAiOnsiY3JlYXRlIjoxMjAwMDAwMDAwMDAwLCJkZWxldGUiOjEyMDAwMDAwMDAwMDAsInJlYWQiOjYwMDAwMDAwMDAwMCwidXBkYXRlIjoxMjAwMDAwMDAwMDAwfX0="
        },
        {
          "index_key": "dataplex.googleapis.com",
          "schema_version": 0,
          "attributes": {
            "disable_dependent_services": true,
            "disable_on_destroy": false,
            "id": "inlaid-goods-451523-i3/dataplex.googleapis.com",
            "project": "inlaid-goods-451523-i3",
            "service": "dataplex.googleapis.com",
            "timeouts": null
          },
          "sensitive_attributes": [],
          "private": "eyJlMmJmYjczMC1lY2FhLTExZTYtOGY4OC0zNDM2M2JjN2M0YzAiOnsiY3JlYXRlIjoxMjAwMDAwMDAwMDAwLCJkZWxldGUiOjEyMDAwMDAwMDAwMDAsInJlYWQiOjYwMDAwMDAwMDAwMCwidXBkYXRlIjoxMjAwMDAwMDAwMDAwfX0="
        },
        {
          "index_key": "iam.googleapis.com",
          "schema_version": 0,
          "attributes": {
            "disable_dependent_services": true,
            "disable_on_destroy": false,
            "id": "inlaid-goods-451523-i3/iam.googleapis.com",
            "project": "inlaid-goods-451523-i3",
            "service": "iam.googleapis.com",
            "timeouts": null
          },
          "sensitive_attributes": [],
          "private": "eyJlMmJmYjczMC1lY2FhLTExZTYtOGY4OC0zNDM2M2JjN2M0YzAiOnsiY3JlYXRlIjoxMjAwMDAwMDAwMDAwLCJkZWxldGUiOjEyMDAwMDAwMDAwMDAsInJlYWQiOjYwMDAwMDAwMDAwMCwidXBkYXRlIjoxMjAwMDAwMDAwMDAwfX0="
        },
        {
          "index_key": "serviceusage.googleapis.com",
          "schema_version": 0,
          "attributes": {
            "disable_dependent_services": true,
            "disable_on_destroy": false,
            "id": "inlaid-goods-451523-i3/serviceusage.googleapis.com",
            "project": "inlaid-goods-451523-i3",
            "service": "serviceusage.googleapis.com",
            "timeouts": null
          },
          "sensitive_attributes": [],
          "private": "eyJlMmJmYjczMC1lY2FhLTExZTYtOGY4OC0zNDM2M2JjN2M0YzAiOnsiY3JlYXRlIjoxMjAwMDAwMDAwMDAwLCJkZWxldGUiOjEyMDAwMDAwMDAwMDAsInJlYWQiOjYwMDAwMDAwMDAwMCwidXBkYXRlIjoxMjAwMDAwMDAwMDAwfX0="
        }
      ]
    },
    {
      "module": "module.project-services",
      "mode": "managed",
      "type": "google_project_service_identity",
      "name": "project_service_identities",
      "provider": "provider[\"registry.terraform.io/hashicorp/google-beta\"]",
      "instances": []
    }
  ],
  "check_results": null
}
