{
  "version": 4,
  "terraform_version": "1.10.5",
  "serial": 154,
  "lineage": "1c02573b-12ee-77de-4524-fe3ee671cd5c",
  "outputs": {
    "bigquery_dataset": {
      "value": "githubAction_example",
      "type": "string"
    },
    "bigquery_table": {
      "value": [
        "inlaid-goods-451523-i3.githubAction_example.EPM_PINS_UDOT",
        "inlaid-goods-451523-i3.githubAction_example.dev"
      ],
      "type": [
        "tuple",
        [
          "string",
          "string"
        ]
      ]
    },
    "dq_file_paths": {
      "value": {
        "EPM_PINS_UDOT": "/rules/epmpins.yaml",
        "dev": "/rules/orders.yaml"
      },
      "type": [
        "object",
        {
          "EPM_PINS_UDOT": "string",
          "dev": "string"
        }
      ]
    },
    "parsed_yaml": {
      "value": {
        "EPM_PINS_UDOT": {
          "rowFilter": null,
          "rules": [
            {
              "column": "PIN_DESC",
              "description": "PIN_DESC should be unique",
              "dimension": "UNIQUENESS",
              "name": "non-null",
              "rowConditionCheckExpectation": {
                "sqlExpression": "LOWER(PIN_DESC) LIKE 'test'"
              },
              "threshold": 0
            }
          ],
          "samplingPercent": 100,
          "table_level_rules": [
            {
              "aggregation_expectation": {
                "aggregation": "SUM",
                "column": "column_name",
                "description": "Sum of column_name should be between 100 and 1000",
                "max_value": 1000,
                "min_value": 100
              }
            },
            {
              "aggregation_expectation": {
                "aggregation": "AVG",
                "column": "another_column",
                "description": "Average of another_column should be between 0 and 100",
                "max_value": 100,
                "min_value": 0
              }
            }
          ]
        },
        "dev": {
          "rowFilter": null,
          "rules": [
            {
              "column": "order_id",
              "description": "Sample rule for non-null column",
              "dimension": "COMPLETENESS",
              "name": "non-null",
              "non_null_expectation": {},
              "threshold": 1
            },
            {
              "column": "user_id",
              "description": "Sample rule for non-null column",
              "dimension": "COMPLETENESS",
              "name": "non-null",
              "non_null_expectation": {},
              "threshold": 1
            },
            {
              "column": "created_at",
              "description": "Sample rule for non-null column",
              "dimension": "COMPLETENESS",
              "name": "non-null",
              "non_null_expectation": {},
              "threshold": 1
            },
            {
              "column": "order_id",
              "description": "Sample rule for unique column",
              "dimension": "UNIQUENESS",
              "name": "unique",
              "uniqueness_expectation": {}
            },
            {
              "column": "status",
              "description": "Sample rule for values in a set",
              "dimension": "VALIDITY",
              "ignore_null": false,
              "name": "one-of-set",
              "set_expectation": {
                "values": [
                  "Shipped",
                  "Complete",
                  "Processing",
                  "Cancelled",
                  "Returned"
                ]
              }
            },
            {
              "column": "num_of_item",
              "description": "Sample rule for values in a range",
              "dimension": "VALIDITY",
              "ignore_null": false,
              "name": "range-values",
              "range_expectation": {
                "max_value": "1",
                "strict_max_enabled": false,
                "strict_min_enabled": false
              },
              "threshold": 0.99
            },
            {
              "description": "Sample rule for a non-empty table",
              "dimension": "VALIDITY",
              "name": "not-empty-table",
              "tableConditionExpectation": {
                "sqlExpression": "COUNT(*) \u003e 0"
              }
            }
          ],
          "samplingPercent": 100
        }
      },
      "type": [
        "object",
        {
          "EPM_PINS_UDOT": [
            "object",
            {
              "rowFilter": "dynamic",
              "rules": [
                "tuple",
                [
                  [
                    "object",
                    {
                      "column": "string",
                      "description": "string",
                      "dimension": "string",
                      "name": "string",
                      "rowConditionCheckExpectation": [
                        "object",
                        {
                          "sqlExpression": "string"
                        }
                      ],
                      "threshold": "number"
                    }
                  ]
                ]
              ],
              "samplingPercent": "number",
              "table_level_rules": [
                "tuple",
                [
                  [
                    "object",
                    {
                      "aggregation_expectation": [
                        "object",
                        {
                          "aggregation": "string",
                          "column": "string",
                          "description": "string",
                          "max_value": "number",
                          "min_value": "number"
                        }
                      ]
                    }
                  ],
                  [
                    "object",
                    {
                      "aggregation_expectation": [
                        "object",
                        {
                          "aggregation": "string",
                          "column": "string",
                          "description": "string",
                          "max_value": "number",
                          "min_value": "number"
                        }
                      ]
                    }
                  ]
                ]
              ]
            }
          ],
          "dev": [
            "object",
            {
              "rowFilter": "dynamic",
              "rules": [
                "tuple",
                [
                  [
                    "object",
                    {
                      "column": "string",
                      "description": "string",
                      "dimension": "string",
                      "name": "string",
                      "non_null_expectation": [
                        "object",
                        {}
                      ],
                      "threshold": "number"
                    }
                  ],
                  [
                    "object",
                    {
                      "column": "string",
                      "description": "string",
                      "dimension": "string",
                      "name": "string",
                      "non_null_expectation": [
                        "object",
                        {}
                      ],
                      "threshold": "number"
                    }
                  ],
                  [
                    "object",
                    {
                      "column": "string",
                      "description": "string",
                      "dimension": "string",
                      "name": "string",
                      "non_null_expectation": [
                        "object",
                        {}
                      ],
                      "threshold": "number"
                    }
                  ],
                  [
                    "object",
                    {
                      "column": "string",
                      "description": "string",
                      "dimension": "string",
                      "name": "string",
                      "uniqueness_expectation": [
                        "object",
                        {}
                      ]
                    }
                  ],
                  [
                    "object",
                    {
                      "column": "string",
                      "description": "string",
                      "dimension": "string",
                      "ignore_null": "bool",
                      "name": "string",
                      "set_expectation": [
                        "object",
                        {
                          "values": [
                            "tuple",
                            [
                              "string",
                              "string",
                              "string",
                              "string",
                              "string"
                            ]
                          ]
                        }
                      ]
                    }
                  ],
                  [
                    "object",
                    {
                      "column": "string",
                      "description": "string",
                      "dimension": "string",
                      "ignore_null": "bool",
                      "name": "string",
                      "range_expectation": [
                        "object",
                        {
                          "max_value": "string",
                          "strict_max_enabled": "bool",
                          "strict_min_enabled": "bool"
                        }
                      ],
                      "threshold": "number"
                    }
                  ],
                  [
                    "object",
                    {
                      "description": "string",
                      "dimension": "string",
                      "name": "string",
                      "tableConditionExpectation": [
                        "object",
                        {
                          "sqlExpression": "string"
                        }
                      ]
                    }
                  ]
                ]
              ],
              "samplingPercent": "number"
            }
          ]
        }
      ]
    },
    "rules": {
      "value": [
        {
          "EPM_PINS_UDOT": [
            {
              "column": "PIN_DESC",
              "description": "PIN_DESC should be unique",
              "dimension": "UNIQUENESS",
              "ignore_null": null,
              "name": "non-null",
              "non_null_expectation": null,
              "range_expectation": null,
              "regex_expectation": null,
              "row_condition_expectation": {
                "sql_expression": "LOWER(PIN_DESC) LIKE 'test'"
              },
              "set_expectation": null,
              "statistic_range_expectation": null,
              "table_condition_expectation": null,
              "threshold": 0,
              "uniqueness_expectation": null
            }
          ],
          "dev": [
            {
              "column": "order_id",
              "description": "Sample rule for non-null column",
              "dimension": "COMPLETENESS",
              "ignore_null": null,
              "name": "non-null",
              "non_null_expectation": {},
              "range_expectation": null,
              "regex_expectation": null,
              "row_condition_expectation": null,
              "set_expectation": null,
              "statistic_range_expectation": null,
              "table_condition_expectation": null,
              "threshold": 1,
              "uniqueness_expectation": null
            },
            {
              "column": "user_id",
              "description": "Sample rule for non-null column",
              "dimension": "COMPLETENESS",
              "ignore_null": null,
              "name": "non-null",
              "non_null_expectation": {},
              "range_expectation": null,
              "regex_expectation": null,
              "row_condition_expectation": null,
              "set_expectation": null,
              "statistic_range_expectation": null,
              "table_condition_expectation": null,
              "threshold": 1,
              "uniqueness_expectation": null
            },
            {
              "column": "created_at",
              "description": "Sample rule for non-null column",
              "dimension": "COMPLETENESS",
              "ignore_null": null,
              "name": "non-null",
              "non_null_expectation": {},
              "range_expectation": null,
              "regex_expectation": null,
              "row_condition_expectation": null,
              "set_expectation": null,
              "statistic_range_expectation": null,
              "table_condition_expectation": null,
              "threshold": 1,
              "uniqueness_expectation": null
            },
            {
              "column": "order_id",
              "description": "Sample rule for unique column",
              "dimension": "UNIQUENESS",
              "ignore_null": null,
              "name": "unique",
              "non_null_expectation": null,
              "range_expectation": null,
              "regex_expectation": null,
              "row_condition_expectation": null,
              "set_expectation": null,
              "statistic_range_expectation": null,
              "table_condition_expectation": null,
              "threshold": null,
              "uniqueness_expectation": {}
            },
            {
              "column": "status",
              "description": "Sample rule for values in a set",
              "dimension": "VALIDITY",
              "ignore_null": false,
              "name": "one-of-set",
              "non_null_expectation": null,
              "range_expectation": null,
              "regex_expectation": null,
              "row_condition_expectation": null,
              "set_expectation": {
                "values": [
                  "Shipped",
                  "Complete",
                  "Processing",
                  "Cancelled",
                  "Returned"
                ]
              },
              "statistic_range_expectation": null,
              "table_condition_expectation": null,
              "threshold": null,
              "uniqueness_expectation": null
            },
            {
              "column": "num_of_item",
              "description": "Sample rule for values in a range",
              "dimension": "VALIDITY",
              "ignore_null": false,
              "name": "range-values",
              "non_null_expectation": null,
              "range_expectation": {
                "max_value": "1",
                "min_value": null,
                "strict_max_enabled": false,
                "strict_min_enabled": false
              },
              "regex_expectation": null,
              "row_condition_expectation": null,
              "set_expectation": null,
              "statistic_range_expectation": null,
              "table_condition_expectation": null,
              "threshold": 0.99,
              "uniqueness_expectation": null
            },
            {
              "column": null,
              "description": "Sample rule for a non-empty table",
              "dimension": "VALIDITY",
              "ignore_null": null,
              "name": "not-empty-table",
              "non_null_expectation": null,
              "range_expectation": null,
              "regex_expectation": null,
              "row_condition_expectation": null,
              "set_expectation": null,
              "statistic_range_expectation": null,
              "table_condition_expectation": {
                "sql_expression": "COUNT(*) \u003e 0"
              },
              "threshold": null,
              "uniqueness_expectation": null
            }
          ]
        }
      ],
      "type": [
        "tuple",
        [
          [
            "object",
            {
              "EPM_PINS_UDOT": [
                "tuple",
                [
                  [
                    "object",
                    {
                      "column": "string",
                      "description": "string",
                      "dimension": "string",
                      "ignore_null": "dynamic",
                      "name": "string",
                      "non_null_expectation": "dynamic",
                      "range_expectation": [
                        "object",
                        {
                          "max_value": "dynamic",
                          "min_value": "dynamic",
                          "strict_max_enabled": "dynamic",
                          "strict_min_enabled": "dynamic"
                        }
                      ],
                      "regex_expectation": [
                        "object",
                        {
                          "regex": "dynamic"
                        }
                      ],
                      "row_condition_expectation": [
                        "object",
                        {
                          "sql_expression": "string"
                        }
                      ],
                      "set_expectation": [
                        "object",
                        {
                          "values": "dynamic"
                        }
                      ],
                      "statistic_range_expectation": [
                        "object",
                        {
                          "max_value": "dynamic",
                          "min_value": "dynamic",
                          "statistic": "dynamic",
                          "strict_max_enabled": "dynamic",
                          "strict_min_enabled": "dynamic"
                        }
                      ],
                      "table_condition_expectation": [
                        "object",
                        {
                          "sql_expression": "dynamic"
                        }
                      ],
                      "threshold": "number",
                      "uniqueness_expectation": "dynamic"
                    }
                  ]
                ]
              ],
              "dev": [
                "tuple",
                [
                  [
                    "object",
                    {
                      "column": "string",
                      "description": "string",
                      "dimension": "string",
                      "ignore_null": "dynamic",
                      "name": "string",
                      "non_null_expectation": [
                        "object",
                        {}
                      ],
                      "range_expectation": [
                        "object",
                        {
                          "max_value": "dynamic",
                          "min_value": "dynamic",
                          "strict_max_enabled": "dynamic",
                          "strict_min_enabled": "dynamic"
                        }
                      ],
                      "regex_expectation": [
                        "object",
                        {
                          "regex": "dynamic"
                        }
                      ],
                      "row_condition_expectation": [
                        "object",
                        {
                          "sql_expression": "dynamic"
                        }
                      ],
                      "set_expectation": [
                        "object",
                        {
                          "values": "dynamic"
                        }
                      ],
                      "statistic_range_expectation": [
                        "object",
                        {
                          "max_value": "dynamic",
                          "min_value": "dynamic",
                          "statistic": "dynamic",
                          "strict_max_enabled": "dynamic",
                          "strict_min_enabled": "dynamic"
                        }
                      ],
                      "table_condition_expectation": [
                        "object",
                        {
                          "sql_expression": "dynamic"
                        }
                      ],
                      "threshold": "number",
                      "uniqueness_expectation": "dynamic"
                    }
                  ],
                  [
                    "object",
                    {
                      "column": "string",
                      "description": "string",
                      "dimension": "string",
                      "ignore_null": "dynamic",
                      "name": "string",
                      "non_null_expectation": [
                        "object",
                        {}
                      ],
                      "range_expectation": [
                        "object",
                        {
                          "max_value": "dynamic",
                          "min_value": "dynamic",
                          "strict_max_enabled": "dynamic",
                          "strict_min_enabled": "dynamic"
                        }
                      ],
                      "regex_expectation": [
                        "object",
                        {
                          "regex": "dynamic"
                        }
                      ],
                      "row_condition_expectation": [
                        "object",
                        {
                          "sql_expression": "dynamic"
                        }
                      ],
                      "set_expectation": [
                        "object",
                        {
                          "values": "dynamic"
                        }
                      ],
                      "statistic_range_expectation": [
                        "object",
                        {
                          "max_value": "dynamic",
                          "min_value": "dynamic",
                          "statistic": "dynamic",
                          "strict_max_enabled": "dynamic",
                          "strict_min_enabled": "dynamic"
                        }
                      ],
                      "table_condition_expectation": [
                        "object",
                        {
                          "sql_expression": "dynamic"
                        }
                      ],
                      "threshold": "number",
                      "uniqueness_expectation": "dynamic"
                    }
                  ],
                  [
                    "object",
                    {
                      "column": "string",
                      "description": "string",
                      "dimension": "string",
                      "ignore_null": "dynamic",
                      "name": "string",
                      "non_null_expectation": [
                        "object",
                        {}
                      ],
                      "range_expectation": [
                        "object",
                        {
                          "max_value": "dynamic",
                          "min_value": "dynamic",
                          "strict_max_enabled": "dynamic",
                          "strict_min_enabled": "dynamic"
                        }
                      ],
                      "regex_expectation": [
                        "object",
                        {
                          "regex": "dynamic"
                        }
                      ],
                      "row_condition_expectation": [
                        "object",
                        {
                          "sql_expression": "dynamic"
                        }
                      ],
                      "set_expectation": [
                        "object",
                        {
                          "values": "dynamic"
                        }
                      ],
                      "statistic_range_expectation": [
                        "object",
                        {
                          "max_value": "dynamic",
                          "min_value": "dynamic",
                          "statistic": "dynamic",
                          "strict_max_enabled": "dynamic",
                          "strict_min_enabled": "dynamic"
                        }
                      ],
                      "table_condition_expectation": [
                        "object",
                        {
                          "sql_expression": "dynamic"
                        }
                      ],
                      "threshold": "number",
                      "uniqueness_expectation": "dynamic"
                    }
                  ],
                  [
                    "object",
                    {
                      "column": "string",
                      "description": "string",
                      "dimension": "string",
                      "ignore_null": "dynamic",
                      "name": "string",
                      "non_null_expectation": "dynamic",
                      "range_expectation": [
                        "object",
                        {
                          "max_value": "dynamic",
                          "min_value": "dynamic",
                          "strict_max_enabled": "dynamic",
                          "strict_min_enabled": "dynamic"
                        }
                      ],
                      "regex_expectation": [
                        "object",
                        {
                          "regex": "dynamic"
                        }
                      ],
                      "row_condition_expectation": [
                        "object",
                        {
                          "sql_expression": "dynamic"
                        }
                      ],
                      "set_expectation": [
                        "object",
                        {
                          "values": "dynamic"
                        }
                      ],
                      "statistic_range_expectation": [
                        "object",
                        {
                          "max_value": "dynamic",
                          "min_value": "dynamic",
                          "statistic": "dynamic",
                          "strict_max_enabled": "dynamic",
                          "strict_min_enabled": "dynamic"
                        }
                      ],
                      "table_condition_expectation": [
                        "object",
                        {
                          "sql_expression": "dynamic"
                        }
                      ],
                      "threshold": "dynamic",
                      "uniqueness_expectation": [
                        "object",
                        {}
                      ]
                    }
                  ],
                  [
                    "object",
                    {
                      "column": "string",
                      "description": "string",
                      "dimension": "string",
                      "ignore_null": "bool",
                      "name": "string",
                      "non_null_expectation": "dynamic",
                      "range_expectation": [
                        "object",
                        {
                          "max_value": "dynamic",
                          "min_value": "dynamic",
                          "strict_max_enabled": "dynamic",
                          "strict_min_enabled": "dynamic"
                        }
                      ],
                      "regex_expectation": [
                        "object",
                        {
                          "regex": "dynamic"
                        }
                      ],
                      "row_condition_expectation": [
                        "object",
                        {
                          "sql_expression": "dynamic"
                        }
                      ],
                      "set_expectation": [
                        "object",
                        {
                          "values": [
                            "tuple",
                            [
                              "string",
                              "string",
                              "string",
                              "string",
                              "string"
                            ]
                          ]
                        }
                      ],
                      "statistic_range_expectation": [
                        "object",
                        {
                          "max_value": "dynamic",
                          "min_value": "dynamic",
                          "statistic": "dynamic",
                          "strict_max_enabled": "dynamic",
                          "strict_min_enabled": "dynamic"
                        }
                      ],
                      "table_condition_expectation": [
                        "object",
                        {
                          "sql_expression": "dynamic"
                        }
                      ],
                      "threshold": "dynamic",
                      "uniqueness_expectation": "dynamic"
                    }
                  ],
                  [
                    "object",
                    {
                      "column": "string",
                      "description": "string",
                      "dimension": "string",
                      "ignore_null": "bool",
                      "name": "string",
                      "non_null_expectation": "dynamic",
                      "range_expectation": [
                        "object",
                        {
                          "max_value": "string",
                          "min_value": "dynamic",
                          "strict_max_enabled": "bool",
                          "strict_min_enabled": "bool"
                        }
                      ],
                      "regex_expectation": [
                        "object",
                        {
                          "regex": "dynamic"
                        }
                      ],
                      "row_condition_expectation": [
                        "object",
                        {
                          "sql_expression": "dynamic"
                        }
                      ],
                      "set_expectation": [
                        "object",
                        {
                          "values": "dynamic"
                        }
                      ],
                      "statistic_range_expectation": [
                        "object",
                        {
                          "max_value": "dynamic",
                          "min_value": "dynamic",
                          "statistic": "dynamic",
                          "strict_max_enabled": "dynamic",
                          "strict_min_enabled": "dynamic"
                        }
                      ],
                      "table_condition_expectation": [
                        "object",
                        {
                          "sql_expression": "dynamic"
                        }
                      ],
                      "threshold": "number",
                      "uniqueness_expectation": "dynamic"
                    }
                  ],
                  [
                    "object",
                    {
                      "column": "dynamic",
                      "description": "string",
                      "dimension": "string",
                      "ignore_null": "dynamic",
                      "name": "string",
                      "non_null_expectation": "dynamic",
                      "range_expectation": [
                        "object",
                        {
                          "max_value": "dynamic",
                          "min_value": "dynamic",
                          "strict_max_enabled": "dynamic",
                          "strict_min_enabled": "dynamic"
                        }
                      ],
                      "regex_expectation": [
                        "object",
                        {
                          "regex": "dynamic"
                        }
                      ],
                      "row_condition_expectation": [
                        "object",
                        {
                          "sql_expression": "dynamic"
                        }
                      ],
                      "set_expectation": [
                        "object",
                        {
                          "values": "dynamic"
                        }
                      ],
                      "statistic_range_expectation": [
                        "object",
                        {
                          "max_value": "dynamic",
                          "min_value": "dynamic",
                          "statistic": "dynamic",
                          "strict_max_enabled": "dynamic",
                          "strict_min_enabled": "dynamic"
                        }
                      ],
                      "table_condition_expectation": [
                        "object",
                        {
                          "sql_expression": "string"
                        }
                      ],
                      "threshold": "dynamic",
                      "uniqueness_expectation": "dynamic"
                    }
                  ]
                ]
              ]
            }
          ]
        ]
      ]
    },
    "tttttt": {
      "value": {
        "EPM_PINS_UDOT": "/rules/epmpins.yaml",
        "dev": "/rules/orders.yaml"
      },
      "type": [
        "object",
        {
          "EPM_PINS_UDOT": "string",
          "dev": "string"
        }
      ]
    }
  },
  "resources": [
    {
      "mode": "managed",
      "type": "google_bigquery_job",
      "name": "job",
      "provider": "provider[\"registry.terraform.io/hashicorp/google\"]",
      "instances": [
        {
          "index_key": 0,
          "schema_version": 1,
          "attributes": {
            "copy": [],
            "effective_labels": {
              "env": "dev"
            },
            "extract": [],
            "id": "projects/inlaid-goods-451523-i3/jobs/EPM_PINS_UDOT_3895812d60d92a80",
            "job_id": "EPM_PINS_UDOT_3895812d60d92a80",
            "job_timeout_ms": "",
            "job_type": "QUERY",
            "labels": {
              "env": "dev"
            },
            "load": [],
            "location": "US",
            "project": "inlaid-goods-451523-i3",
            "query": [
              {
                "allow_large_results": false,
                "create_disposition": "CREATE_IF_NEEDED",
                "default_dataset": [],
                "destination_encryption_configuration": [],
                "destination_table": [
                  {
                    "dataset_id": "githubAction_example",
                    "project_id": "inlaid-goods-451523-i3",
                    "table_id": "EPM_PINS_UDOT"
                  }
                ],
                "flatten_results": false,
                "maximum_billing_tier": 0,
                "maximum_bytes_billed": "",
                "parameter_mode": "",
                "priority": "INTERACTIVE",
                "query": "SELECT * FROM `inlaid-goods-451523-i3.githubAction_example.EPM_PINS_UDOT`",
                "schema_update_options": [],
                "script_options": [],
                "use_legacy_sql": false,
                "use_query_cache": true,
                "user_defined_function_resources": [],
                "write_disposition": "WRITE_EMPTY"
              }
            ],
            "status": [
              {
                "error_result": [
                  {
                    "location": "",
                    "message": "Not found: Dataset inlaid-goods-451523-i3:githubAction_example was not found in location US",
                    "reason": "notFound"
                  }
                ],
                "errors": [
                  {
                    "location": "",
                    "message": "Not found: Dataset inlaid-goods-451523-i3:githubAction_example was not found in location US",
                    "reason": "notFound"
                  }
                ],
                "state": "DONE"
              }
            ],
            "terraform_labels": {
              "env": "dev"
            },
            "timeouts": null,
            "user_email": "rashmisag@gmail.com"
          },
          "sensitive_attributes": [],
          "private": "eyJlMmJmYjczMC1lY2FhLTExZTYtOGY4OC0zNDM2M2JjN2M0YzAiOnsiY3JlYXRlIjoxMjAwMDAwMDAwMDAwLCJkZWxldGUiOjEyMDAwMDAwMDAwMDAsInVwZGF0ZSI6MTIwMDAwMDAwMDAwMH0sInNjaGVtYV92ZXJzaW9uIjoiMSJ9",
          "dependencies": [
            "module.project-services.google_project_service.project_services",
            "random_id.id"
          ]
        },
        {
          "index_key": 1,
          "schema_version": 1,
          "attributes": {
            "copy": [],
            "effective_labels": {
              "env": "dev"
            },
            "extract": [],
            "id": "projects/inlaid-goods-451523-i3/jobs/dev_3895812d60d92a80",
            "job_id": "dev_3895812d60d92a80",
            "job_timeout_ms": "",
            "job_type": "QUERY",
            "labels": {
              "env": "dev"
            },
            "load": [],
            "location": "US",
            "project": "inlaid-goods-451523-i3",
            "query": [
              {
                "allow_large_results": false,
                "create_disposition": "CREATE_IF_NEEDED",
                "default_dataset": [],
                "destination_encryption_configuration": [],
                "destination_table": [
                  {
                    "dataset_id": "githubAction_example",
                    "project_id": "inlaid-goods-451523-i3",
                    "table_id": "dev"
                  }
                ],
                "flatten_results": false,
                "maximum_billing_tier": 0,
                "maximum_bytes_billed": "",
                "parameter_mode": "",
                "priority": "INTERACTIVE",
                "query": "SELECT * FROM `inlaid-goods-451523-i3.githubAction_example.dev`",
                "schema_update_options": [],
                "script_options": [],
                "use_legacy_sql": false,
                "use_query_cache": true,
                "user_defined_function_resources": [],
                "write_disposition": "WRITE_EMPTY"
              }
            ],
            "status": [
              {
                "error_result": [
                  {
                    "location": "",
                    "message": "Not found: Dataset inlaid-goods-451523-i3:githubAction_example was not found in location US",
                    "reason": "notFound"
                  }
                ],
                "errors": [
                  {
                    "location": "",
                    "message": "Not found: Dataset inlaid-goods-451523-i3:githubAction_example was not found in location US",
                    "reason": "notFound"
                  }
                ],
                "state": "DONE"
              }
            ],
            "terraform_labels": {
              "env": "dev"
            },
            "timeouts": null,
            "user_email": "rashmisag@gmail.com"
          },
          "sensitive_attributes": [],
          "private": "eyJlMmJmYjczMC1lY2FhLTExZTYtOGY4OC0zNDM2M2JjN2M0YzAiOnsiY3JlYXRlIjoxMjAwMDAwMDAwMDAwLCJkZWxldGUiOjEyMDAwMDAwMDAwMDAsInVwZGF0ZSI6MTIwMDAwMDAwMDAwMH0sInNjaGVtYV92ZXJzaW9uIjoiMSJ9",
          "dependencies": [
            "module.project-services.google_project_service.project_services",
            "random_id.id"
          ]
        }
      ]
    },
    {
      "mode": "managed",
      "type": "google_dataplex_datascan",
      "name": "dq_scan",
      "provider": "provider[\"registry.terraform.io/hashicorp/google\"]",
      "instances": [
        {
          "index_key": "EPM_PINS_UDOT",
          "schema_version": 0,
          "attributes": {
            "create_time": "2025-03-14T05:16:42.618240489Z",
            "data": [
              {
                "entity": "",
                "resource": "//bigquery.googleapis.com/projects/inlaid-goods-451523-i3/datasets/githubAction_example/tables/EPM_PINS_UDOT"
              }
            ],
            "data_profile_spec": [],
            "data_quality_spec": [
              {
                "post_scan_actions": [],
                "row_filter": "",
                "rules": [
                  {
                    "column": "PIN_DESC",
                    "description": "PIN_DESC should be unique",
                    "dimension": "UNIQUENESS",
                    "ignore_null": false,
                    "name": "non-null",
                    "non_null_expectation": [],
                    "range_expectation": [],
                    "regex_expectation": [],
                    "row_condition_expectation": [
                      {
                        "sql_expression": "LOWER(PIN_DESC) LIKE 'test'"
                      }
                    ],
                    "set_expectation": [],
                    "sql_assertion": [],
                    "statistic_range_expectation": [],
                    "table_condition_expectation": [],
                    "threshold": 0,
                    "uniqueness_expectation": []
                  }
                ],
                "sampling_percent": 100
              }
            ],
            "data_scan_id": "epm-pins-udot",
            "description": "",
            "display_name": "",
            "effective_labels": {
              "environment": "dev"
            },
            "execution_spec": [
              {
                "field": "",
                "trigger": [
                  {
                    "on_demand": [
                      {}
                    ],
                    "schedule": []
                  }
                ]
              }
            ],
            "execution_status": [],
            "id": "projects/inlaid-goods-451523-i3/locations/us-central1/dataScans/epm-pins-udot",
            "labels": {
              "environment": "dev"
            },
            "location": "us-central1",
            "name": "projects/inlaid-goods-451523-i3/locations/us-central1/dataScans/epm-pins-udot",
            "project": "inlaid-goods-451523-i3",
            "state": "ACTIVE",
            "terraform_labels": {
              "environment": "dev"
            },
            "timeouts": null,
            "type": "DATA_QUALITY",
            "uid": "4d1544c3-fa3e-49ec-8b64-18134a8ebb2b",
            "update_time": "2025-03-14T05:16:47.364586652Z"
          },
          "sensitive_attributes": [],
          "private": "eyJlMmJmYjczMC1lY2FhLTExZTYtOGY4OC0zNDM2M2JjN2M0YzAiOnsiY3JlYXRlIjozMDAwMDAwMDAwMDAsImRlbGV0ZSI6MzAwMDAwMDAwMDAwLCJ1cGRhdGUiOjMwMDAwMDAwMDAwMH19",
          "dependencies": [
            "google_bigquery_job.job",
            "module.project-services.google_project_service.project_services",
            "random_id.id"
          ]
        },
        {
          "index_key": "dev",
          "schema_version": 0,
          "attributes": {
            "create_time": "2025-03-14T02:14:13.636435445Z",
            "data": [
              {
                "entity": "",
                "resource": "//bigquery.googleapis.com/projects/inlaid-goods-451523-i3/datasets/githubAction_example/tables/dev"
              }
            ],
            "data_profile_spec": [],
            "data_quality_spec": [
              {
                "post_scan_actions": [],
                "row_filter": "",
                "rules": [
                  {
                    "column": "order_id",
                    "description": "Sample rule for non-null column",
                    "dimension": "COMPLETENESS",
                    "ignore_null": false,
                    "name": "non-null",
                    "non_null_expectation": [
                      {}
                    ],
                    "range_expectation": [],
                    "regex_expectation": [],
                    "row_condition_expectation": [],
                    "set_expectation": [],
                    "sql_assertion": [],
                    "statistic_range_expectation": [],
                    "table_condition_expectation": [],
                    "threshold": 1,
                    "uniqueness_expectation": []
                  },
                  {
                    "column": "user_id",
                    "description": "Sample rule for non-null column",
                    "dimension": "COMPLETENESS",
                    "ignore_null": false,
                    "name": "non-null",
                    "non_null_expectation": [
                      {}
                    ],
                    "range_expectation": [],
                    "regex_expectation": [],
                    "row_condition_expectation": [],
                    "set_expectation": [],
                    "sql_assertion": [],
                    "statistic_range_expectation": [],
                    "table_condition_expectation": [],
                    "threshold": 1,
                    "uniqueness_expectation": []
                  },
                  {
                    "column": "created_at",
                    "description": "Sample rule for non-null column",
                    "dimension": "COMPLETENESS",
                    "ignore_null": false,
                    "name": "non-null",
                    "non_null_expectation": [
                      {}
                    ],
                    "range_expectation": [],
                    "regex_expectation": [],
                    "row_condition_expectation": [],
                    "set_expectation": [],
                    "sql_assertion": [],
                    "statistic_range_expectation": [],
                    "table_condition_expectation": [],
                    "threshold": 1,
                    "uniqueness_expectation": []
                  },
                  {
                    "column": "order_id",
                    "description": "Sample rule for unique column",
                    "dimension": "UNIQUENESS",
                    "ignore_null": false,
                    "name": "unique",
                    "non_null_expectation": [],
                    "range_expectation": [],
                    "regex_expectation": [],
                    "row_condition_expectation": [],
                    "set_expectation": [],
                    "sql_assertion": [],
                    "statistic_range_expectation": [],
                    "table_condition_expectation": [],
                    "threshold": 0,
                    "uniqueness_expectation": [
                      {}
                    ]
                  },
                  {
                    "column": "status",
                    "description": "Sample rule for values in a set",
                    "dimension": "VALIDITY",
                    "ignore_null": false,
                    "name": "one-of-set",
                    "non_null_expectation": [],
                    "range_expectation": [],
                    "regex_expectation": [],
                    "row_condition_expectation": [],
                    "set_expectation": [
                      {
                        "values": [
                          "Shipped",
                          "Complete",
                          "Processing",
                          "Cancelled",
                          "Returned"
                        ]
                      }
                    ],
                    "sql_assertion": [],
                    "statistic_range_expectation": [],
                    "table_condition_expectation": [],
                    "threshold": 0,
                    "uniqueness_expectation": []
                  },
                  {
                    "column": "num_of_item",
                    "description": "Sample rule for values in a range",
                    "dimension": "VALIDITY",
                    "ignore_null": false,
                    "name": "range-values",
                    "non_null_expectation": [],
                    "range_expectation": [
                      {
                        "max_value": "1",
                        "min_value": "",
                        "strict_max_enabled": false,
                        "strict_min_enabled": false
                      }
                    ],
                    "regex_expectation": [],
                    "row_condition_expectation": [],
                    "set_expectation": [],
                    "sql_assertion": [],
                    "statistic_range_expectation": [],
                    "table_condition_expectation": [],
                    "threshold": 0.99,
                    "uniqueness_expectation": []
                  },
                  {
                    "column": "",
                    "description": "Sample rule for a non-empty table",
                    "dimension": "VALIDITY",
                    "ignore_null": false,
                    "name": "not-empty-table",
                    "non_null_expectation": [],
                    "range_expectation": [],
                    "regex_expectation": [],
                    "row_condition_expectation": [],
                    "set_expectation": [],
                    "sql_assertion": [],
                    "statistic_range_expectation": [],
                    "table_condition_expectation": [
                      {
                        "sql_expression": "COUNT(*) \u003e 0"
                      }
                    ],
                    "threshold": 0,
                    "uniqueness_expectation": []
                  }
                ],
                "sampling_percent": 100
              }
            ],
            "data_scan_id": "dev",
            "description": "",
            "display_name": "",
            "effective_labels": {
              "environment": "dev"
            },
            "execution_spec": [
              {
                "field": "",
                "trigger": [
                  {
                    "on_demand": [
                      {}
                    ],
                    "schedule": []
                  }
                ]
              }
            ],
            "execution_status": [],
            "id": "projects/inlaid-goods-451523-i3/locations/us-central1/dataScans/dev",
            "labels": {
              "environment": "dev"
            },
            "location": "us-central1",
            "name": "projects/inlaid-goods-451523-i3/locations/us-central1/dataScans/dev",
            "project": "inlaid-goods-451523-i3",
            "state": "ACTIVE",
            "terraform_labels": {
              "environment": "dev"
            },
            "timeouts": null,
            "type": "DATA_QUALITY",
            "uid": "100691f2-35ed-4083-b867-06a51d858f3c",
            "update_time": "2025-03-14T02:14:18.756499237Z"
          },
          "sensitive_attributes": [],
          "private": "eyJlMmJmYjczMC1lY2FhLTExZTYtOGY4OC0zNDM2M2JjN2M0YzAiOnsiY3JlYXRlIjozMDAwMDAwMDAwMDAsImRlbGV0ZSI6MzAwMDAwMDAwMDAwLCJ1cGRhdGUiOjMwMDAwMDAwMDAwMH19",
          "dependencies": [
            "google_bigquery_job.job",
            "module.project-services.google_project_service.project_services",
            "random_id.id"
          ]
        }
      ]
    },
    {
      "mode": "managed",
      "type": "random_id",
      "name": "id",
      "provider": "provider[\"registry.terraform.io/hashicorp/random\"]",
      "instances": [
        {
          "schema_version": 0,
          "attributes": {
            "b64_std": "pLhEJ8zLYX4=",
            "b64_url": "pLhEJ8zLYX4",
            "byte_length": 8,
            "dec": "11869311755665236350",
            "hex": "a4b84427cccb617e",
            "id": "pLhEJ8zLYX4",
            "keepers": {
              "first": "2025-03-14T05:16:38Z"
            },
            "prefix": null
          },
          "sensitive_attributes": []
        }
      ]
    },
    {
      "module": "module.project-services",
      "mode": "managed",
      "type": "google_project_service",
      "name": "project_services",
      "provider": "provider[\"registry.terraform.io/hashicorp/google\"]",
      "instances": [
        {
          "index_key": "bigquery.googleapis.com",
          "schema_version": 0,
          "attributes": {
            "disable_dependent_services": true,
            "disable_on_destroy": false,
            "id": "inlaid-goods-451523-i3/bigquery.googleapis.com",
            "project": "inlaid-goods-451523-i3",
            "service": "bigquery.googleapis.com",
            "timeouts": null
          },
          "sensitive_attributes": [],
          "private": "eyJlMmJmYjczMC1lY2FhLTExZTYtOGY4OC0zNDM2M2JjN2M0YzAiOnsiY3JlYXRlIjoxMjAwMDAwMDAwMDAwLCJkZWxldGUiOjEyMDAwMDAwMDAwMDAsInJlYWQiOjYwMDAwMDAwMDAwMCwidXBkYXRlIjoxMjAwMDAwMDAwMDAwfX0="
        },
        {
          "index_key": "bigquerydatatransfer.googleapis.com",
          "schema_version": 0,
          "attributes": {
            "disable_dependent_services": true,
            "disable_on_destroy": false,
            "id": "inlaid-goods-451523-i3/bigquerydatatransfer.googleapis.com",
            "project": "inlaid-goods-451523-i3",
            "service": "bigquerydatatransfer.googleapis.com",
            "timeouts": null
          },
          "sensitive_attributes": [],
          "private": "eyJlMmJmYjczMC1lY2FhLTExZTYtOGY4OC0zNDM2M2JjN2M0YzAiOnsiY3JlYXRlIjoxMjAwMDAwMDAwMDAwLCJkZWxldGUiOjEyMDAwMDAwMDAwMDAsInJlYWQiOjYwMDAwMDAwMDAwMCwidXBkYXRlIjoxMjAwMDAwMDAwMDAwfX0="
        },
        {
          "index_key": "bigquerystorage.googleapis.com",
          "schema_version": 0,
          "attributes": {
            "disable_dependent_services": true,
            "disable_on_destroy": false,
            "id": "inlaid-goods-451523-i3/bigquerystorage.googleapis.com",
            "project": "inlaid-goods-451523-i3",
            "service": "bigquerystorage.googleapis.com",
            "timeouts": null
          },
          "sensitive_attributes": [],
          "private": "eyJlMmJmYjczMC1lY2FhLTExZTYtOGY4OC0zNDM2M2JjN2M0YzAiOnsiY3JlYXRlIjoxMjAwMDAwMDAwMDAwLCJkZWxldGUiOjEyMDAwMDAwMDAwMDAsInJlYWQiOjYwMDAwMDAwMDAwMCwidXBkYXRlIjoxMjAwMDAwMDAwMDAwfX0="
        },
        {
          "index_key": "cloudapis.googleapis.com",
          "schema_version": 0,
          "attributes": {
            "disable_dependent_services": true,
            "disable_on_destroy": false,
            "id": "inlaid-goods-451523-i3/cloudapis.googleapis.com",
            "project": "inlaid-goods-451523-i3",
            "service": "cloudapis.googleapis.com",
            "timeouts": null
          },
          "sensitive_attributes": [],
          "private": "eyJlMmJmYjczMC1lY2FhLTExZTYtOGY4OC0zNDM2M2JjN2M0YzAiOnsiY3JlYXRlIjoxMjAwMDAwMDAwMDAwLCJkZWxldGUiOjEyMDAwMDAwMDAwMDAsInJlYWQiOjYwMDAwMDAwMDAwMCwidXBkYXRlIjoxMjAwMDAwMDAwMDAwfX0="
        },
        {
          "index_key": "cloudbuild.googleapis.com",
          "schema_version": 0,
          "attributes": {
            "disable_dependent_services": true,
            "disable_on_destroy": false,
            "id": "inlaid-goods-451523-i3/cloudbuild.googleapis.com",
            "project": "inlaid-goods-451523-i3",
            "service": "cloudbuild.googleapis.com",
            "timeouts": null
          },
          "sensitive_attributes": [],
          "private": "eyJlMmJmYjczMC1lY2FhLTExZTYtOGY4OC0zNDM2M2JjN2M0YzAiOnsiY3JlYXRlIjoxMjAwMDAwMDAwMDAwLCJkZWxldGUiOjEyMDAwMDAwMDAwMDAsInJlYWQiOjYwMDAwMDAwMDAwMCwidXBkYXRlIjoxMjAwMDAwMDAwMDAwfX0="
        },
        {
          "index_key": "config.googleapis.com",
          "schema_version": 0,
          "attributes": {
            "disable_dependent_services": true,
            "disable_on_destroy": false,
            "id": "inlaid-goods-451523-i3/config.googleapis.com",
            "project": "inlaid-goods-451523-i3",
            "service": "config.googleapis.com",
            "timeouts": null
          },
          "sensitive_attributes": [],
          "private": "eyJlMmJmYjczMC1lY2FhLTExZTYtOGY4OC0zNDM2M2JjN2M0YzAiOnsiY3JlYXRlIjoxMjAwMDAwMDAwMDAwLCJkZWxldGUiOjEyMDAwMDAwMDAwMDAsInJlYWQiOjYwMDAwMDAwMDAwMCwidXBkYXRlIjoxMjAwMDAwMDAwMDAwfX0="
        },
        {
          "index_key": "dataplex.googleapis.com",
          "schema_version": 0,
          "attributes": {
            "disable_dependent_services": true,
            "disable_on_destroy": false,
            "id": "inlaid-goods-451523-i3/dataplex.googleapis.com",
            "project": "inlaid-goods-451523-i3",
            "service": "dataplex.googleapis.com",
            "timeouts": null
          },
          "sensitive_attributes": [],
          "private": "eyJlMmJmYjczMC1lY2FhLTExZTYtOGY4OC0zNDM2M2JjN2M0YzAiOnsiY3JlYXRlIjoxMjAwMDAwMDAwMDAwLCJkZWxldGUiOjEyMDAwMDAwMDAwMDAsInJlYWQiOjYwMDAwMDAwMDAwMCwidXBkYXRlIjoxMjAwMDAwMDAwMDAwfX0="
        },
        {
          "index_key": "iam.googleapis.com",
          "schema_version": 0,
          "attributes": {
            "disable_dependent_services": true,
            "disable_on_destroy": false,
            "id": "inlaid-goods-451523-i3/iam.googleapis.com",
            "project": "inlaid-goods-451523-i3",
            "service": "iam.googleapis.com",
            "timeouts": null
          },
          "sensitive_attributes": [],
          "private": "eyJlMmJmYjczMC1lY2FhLTExZTYtOGY4OC0zNDM2M2JjN2M0YzAiOnsiY3JlYXRlIjoxMjAwMDAwMDAwMDAwLCJkZWxldGUiOjEyMDAwMDAwMDAwMDAsInJlYWQiOjYwMDAwMDAwMDAwMCwidXBkYXRlIjoxMjAwMDAwMDAwMDAwfX0="
        },
        {
          "index_key": "serviceusage.googleapis.com",
          "schema_version": 0,
          "attributes": {
            "disable_dependent_services": true,
            "disable_on_destroy": false,
            "id": "inlaid-goods-451523-i3/serviceusage.googleapis.com",
            "project": "inlaid-goods-451523-i3",
            "service": "serviceusage.googleapis.com",
            "timeouts": null
          },
          "sensitive_attributes": [],
          "private": "eyJlMmJmYjczMC1lY2FhLTExZTYtOGY4OC0zNDM2M2JjN2M0YzAiOnsiY3JlYXRlIjoxMjAwMDAwMDAwMDAwLCJkZWxldGUiOjEyMDAwMDAwMDAwMDAsInJlYWQiOjYwMDAwMDAwMDAwMCwidXBkYXRlIjoxMjAwMDAwMDAwMDAwfX0="
        }
      ]
    }
  ],
  "check_results": null
}
