{
  "version": 4,
  "terraform_version": "1.10.5",
  "serial": 99,
  "lineage": "1c02573b-12ee-77de-4524-fe3ee671cd5c",
  "outputs": {
    "bigquery_dataset": {
      "value": "githubAction_example",
      "type": "string"
    },
    "bigquery_table": {
      "value": [
        "inlaid-goods-451523-i3.githubAction_example.EPM_PINS_UDOT",
        "inlaid-goods-451523-i3.githubAction_example.dev"
      ],
      "type": [
        "tuple",
        [
          "string",
          "string"
        ]
      ]
    },
    "dq_file_paths": {
      "value": {
        "EPM_PINS_UDOT": "/rules/epmpins.yaml",
        "dev": "/rules/orders.yaml"
      },
      "type": [
        "object",
        {
          "EPM_PINS_UDOT": "string",
          "dev": "string"
        }
      ]
    },
    "parsed_yaml": {
      "value": {
        "EPM_PINS_UDOT": {
          "rowFilter": null,
          "rules": [
            {
              "column": "PIN_DESC",
              "description": "PIN_DESC should be unique",
              "dimension": "UNIQUENESS",
              "name": "non-null",
              "rowConditionCheckExpectation": {
                "sqlExpression": "LOWER(PIN_DESC) LIKE 'test'"
              },
              "threshold": 0
            }
          ],
          "samplingPercent": 100,
          "table_level_rules": [
            {
              "aggregation_expectation": {
                "aggregation": "SUM",
                "column": "column_name",
                "description": "Sum of column_name should be between 100 and 1000",
                "max_value": 1000,
                "min_value": 100
              }
            },
            {
              "aggregation_expectation": {
                "aggregation": "AVG",
                "column": "another_column",
                "description": "Average of another_column should be between 0 and 100",
                "max_value": 100,
                "min_value": 0
              }
            }
          ]
        },
        "dev": {
          "rowFilter": null,
          "rules": [
            {
              "column": "order_id",
              "description": "Sample rule for non-null column",
              "dimension": "COMPLETENESS",
              "name": "non-null",
              "non_null_expectation": {},
              "threshold": 1
            },
            {
              "column": "user_id",
              "description": "Sample rule for non-null column",
              "dimension": "COMPLETENESS",
              "name": "non-null",
              "non_null_expectation": {},
              "threshold": 1
            },
            {
              "column": "created_at",
              "description": "Sample rule for non-null column",
              "dimension": "COMPLETENESS",
              "name": "non-null",
              "non_null_expectation": {},
              "threshold": 1
            },
            {
              "column": "order_id",
              "description": "Sample rule for unique column",
              "dimension": "UNIQUENESS",
              "name": "unique",
              "uniqueness_expectation": {}
            },
            {
              "column": "status",
              "description": "Sample rule for values in a set",
              "dimension": "VALIDITY",
              "ignore_null": false,
              "name": "one-of-set",
              "set_expectation": {
                "values": [
                  "Shipped",
                  "Complete",
                  "Processing",
                  "Cancelled",
                  "Returned"
                ]
              }
            },
            {
              "column": "num_of_item",
              "description": "Sample rule for values in a range",
              "dimension": "VALIDITY",
              "ignore_null": false,
              "name": "range-values",
              "range_expectation": {
                "max_value": "1",
                "strict_max_enabled": false,
                "strict_min_enabled": false
              },
              "threshold": 0.99
            },
            {
              "description": "Sample rule for a non-empty table",
              "dimension": "VALIDITY",
              "name": "not-empty-table",
              "tableConditionExpectation": {
                "sqlExpression": "COUNT(*) \u003e 0"
              }
            }
          ],
          "samplingPercent": 100
        }
      },
      "type": [
        "object",
        {
          "EPM_PINS_UDOT": [
            "object",
            {
              "rowFilter": "dynamic",
              "rules": [
                "tuple",
                [
                  [
                    "object",
                    {
                      "column": "string",
                      "description": "string",
                      "dimension": "string",
                      "name": "string",
                      "rowConditionCheckExpectation": [
                        "object",
                        {
                          "sqlExpression": "string"
                        }
                      ],
                      "threshold": "number"
                    }
                  ]
                ]
              ],
              "samplingPercent": "number",
              "table_level_rules": [
                "tuple",
                [
                  [
                    "object",
                    {
                      "aggregation_expectation": [
                        "object",
                        {
                          "aggregation": "string",
                          "column": "string",
                          "description": "string",
                          "max_value": "number",
                          "min_value": "number"
                        }
                      ]
                    }
                  ],
                  [
                    "object",
                    {
                      "aggregation_expectation": [
                        "object",
                        {
                          "aggregation": "string",
                          "column": "string",
                          "description": "string",
                          "max_value": "number",
                          "min_value": "number"
                        }
                      ]
                    }
                  ]
                ]
              ]
            }
          ],
          "dev": [
            "object",
            {
              "rowFilter": "dynamic",
              "rules": [
                "tuple",
                [
                  [
                    "object",
                    {
                      "column": "string",
                      "description": "string",
                      "dimension": "string",
                      "name": "string",
                      "non_null_expectation": [
                        "object",
                        {}
                      ],
                      "threshold": "number"
                    }
                  ],
                  [
                    "object",
                    {
                      "column": "string",
                      "description": "string",
                      "dimension": "string",
                      "name": "string",
                      "non_null_expectation": [
                        "object",
                        {}
                      ],
                      "threshold": "number"
                    }
                  ],
                  [
                    "object",
                    {
                      "column": "string",
                      "description": "string",
                      "dimension": "string",
                      "name": "string",
                      "non_null_expectation": [
                        "object",
                        {}
                      ],
                      "threshold": "number"
                    }
                  ],
                  [
                    "object",
                    {
                      "column": "string",
                      "description": "string",
                      "dimension": "string",
                      "name": "string",
                      "uniqueness_expectation": [
                        "object",
                        {}
                      ]
                    }
                  ],
                  [
                    "object",
                    {
                      "column": "string",
                      "description": "string",
                      "dimension": "string",
                      "ignore_null": "bool",
                      "name": "string",
                      "set_expectation": [
                        "object",
                        {
                          "values": [
                            "tuple",
                            [
                              "string",
                              "string",
                              "string",
                              "string",
                              "string"
                            ]
                          ]
                        }
                      ]
                    }
                  ],
                  [
                    "object",
                    {
                      "column": "string",
                      "description": "string",
                      "dimension": "string",
                      "ignore_null": "bool",
                      "name": "string",
                      "range_expectation": [
                        "object",
                        {
                          "max_value": "string",
                          "strict_max_enabled": "bool",
                          "strict_min_enabled": "bool"
                        }
                      ],
                      "threshold": "number"
                    }
                  ],
                  [
                    "object",
                    {
                      "description": "string",
                      "dimension": "string",
                      "name": "string",
                      "tableConditionExpectation": [
                        "object",
                        {
                          "sqlExpression": "string"
                        }
                      ]
                    }
                  ]
                ]
              ],
              "samplingPercent": "number"
            }
          ]
        }
      ]
    },
    "rules": {
      "value": [
        {
          "EPM_PINS_UDOT": [
            {
              "column": "PIN_DESC",
              "description": "PIN_DESC should be unique",
              "dimension": "UNIQUENESS",
              "ignore_null": null,
              "name": "non-null",
              "non_null_expectation": null,
              "range_expectation": null,
              "regex_expectation": null,
              "row_condition_expectation": {
                "sql_expression": "LOWER(PIN_DESC) LIKE 'test'"
              },
              "set_expectation": null,
              "statistic_range_expectation": null,
              "table_condition_expectation": null,
              "threshold": 0,
              "uniqueness_expectation": null
            }
          ],
          "dev": [
            {
              "column": "order_id",
              "description": "Sample rule for non-null column",
              "dimension": "COMPLETENESS",
              "ignore_null": null,
              "name": "non-null",
              "non_null_expectation": {},
              "range_expectation": null,
              "regex_expectation": null,
              "row_condition_expectation": null,
              "set_expectation": null,
              "statistic_range_expectation": null,
              "table_condition_expectation": null,
              "threshold": 1,
              "uniqueness_expectation": null
            },
            {
              "column": "user_id",
              "description": "Sample rule for non-null column",
              "dimension": "COMPLETENESS",
              "ignore_null": null,
              "name": "non-null",
              "non_null_expectation": {},
              "range_expectation": null,
              "regex_expectation": null,
              "row_condition_expectation": null,
              "set_expectation": null,
              "statistic_range_expectation": null,
              "table_condition_expectation": null,
              "threshold": 1,
              "uniqueness_expectation": null
            },
            {
              "column": "created_at",
              "description": "Sample rule for non-null column",
              "dimension": "COMPLETENESS",
              "ignore_null": null,
              "name": "non-null",
              "non_null_expectation": {},
              "range_expectation": null,
              "regex_expectation": null,
              "row_condition_expectation": null,
              "set_expectation": null,
              "statistic_range_expectation": null,
              "table_condition_expectation": null,
              "threshold": 1,
              "uniqueness_expectation": null
            },
            {
              "column": "order_id",
              "description": "Sample rule for unique column",
              "dimension": "UNIQUENESS",
              "ignore_null": null,
              "name": "unique",
              "non_null_expectation": null,
              "range_expectation": null,
              "regex_expectation": null,
              "row_condition_expectation": null,
              "set_expectation": null,
              "statistic_range_expectation": null,
              "table_condition_expectation": null,
              "threshold": null,
              "uniqueness_expectation": {}
            },
            {
              "column": "status",
              "description": "Sample rule for values in a set",
              "dimension": "VALIDITY",
              "ignore_null": false,
              "name": "one-of-set",
              "non_null_expectation": null,
              "range_expectation": null,
              "regex_expectation": null,
              "row_condition_expectation": null,
              "set_expectation": {
                "values": [
                  "Shipped",
                  "Complete",
                  "Processing",
                  "Cancelled",
                  "Returned"
                ]
              },
              "statistic_range_expectation": null,
              "table_condition_expectation": null,
              "threshold": null,
              "uniqueness_expectation": null
            },
            {
              "column": "num_of_item",
              "description": "Sample rule for values in a range",
              "dimension": "VALIDITY",
              "ignore_null": false,
              "name": "range-values",
              "non_null_expectation": null,
              "range_expectation": {
                "max_value": "1",
                "min_value": null,
                "strict_max_enabled": false,
                "strict_min_enabled": false
              },
              "regex_expectation": null,
              "row_condition_expectation": null,
              "set_expectation": null,
              "statistic_range_expectation": null,
              "table_condition_expectation": null,
              "threshold": 0.99,
              "uniqueness_expectation": null
            },
            {
              "column": null,
              "description": "Sample rule for a non-empty table",
              "dimension": "VALIDITY",
              "ignore_null": null,
              "name": "not-empty-table",
              "non_null_expectation": null,
              "range_expectation": null,
              "regex_expectation": null,
              "row_condition_expectation": null,
              "set_expectation": null,
              "statistic_range_expectation": null,
              "table_condition_expectation": {
                "sql_expression": "COUNT(*) \u003e 0"
              },
              "threshold": null,
              "uniqueness_expectation": null
            }
          ]
        }
      ],
      "type": [
        "tuple",
        [
          [
            "object",
            {
              "EPM_PINS_UDOT": [
                "tuple",
                [
                  [
                    "object",
                    {
                      "column": "string",
                      "description": "string",
                      "dimension": "string",
                      "ignore_null": "dynamic",
                      "name": "string",
                      "non_null_expectation": "dynamic",
                      "range_expectation": [
                        "object",
                        {
                          "max_value": "dynamic",
                          "min_value": "dynamic",
                          "strict_max_enabled": "dynamic",
                          "strict_min_enabled": "dynamic"
                        }
                      ],
                      "regex_expectation": [
                        "object",
                        {
                          "regex": "dynamic"
                        }
                      ],
                      "row_condition_expectation": [
                        "object",
                        {
                          "sql_expression": "string"
                        }
                      ],
                      "set_expectation": [
                        "object",
                        {
                          "values": "dynamic"
                        }
                      ],
                      "statistic_range_expectation": [
                        "object",
                        {
                          "max_value": "dynamic",
                          "min_value": "dynamic",
                          "statistic": "dynamic",
                          "strict_max_enabled": "dynamic",
                          "strict_min_enabled": "dynamic"
                        }
                      ],
                      "table_condition_expectation": [
                        "object",
                        {
                          "sql_expression": "dynamic"
                        }
                      ],
                      "threshold": "number",
                      "uniqueness_expectation": "dynamic"
                    }
                  ]
                ]
              ],
              "dev": [
                "tuple",
                [
                  [
                    "object",
                    {
                      "column": "string",
                      "description": "string",
                      "dimension": "string",
                      "ignore_null": "dynamic",
                      "name": "string",
                      "non_null_expectation": [
                        "object",
                        {}
                      ],
                      "range_expectation": [
                        "object",
                        {
                          "max_value": "dynamic",
                          "min_value": "dynamic",
                          "strict_max_enabled": "dynamic",
                          "strict_min_enabled": "dynamic"
                        }
                      ],
                      "regex_expectation": [
                        "object",
                        {
                          "regex": "dynamic"
                        }
                      ],
                      "row_condition_expectation": [
                        "object",
                        {
                          "sql_expression": "dynamic"
                        }
                      ],
                      "set_expectation": [
                        "object",
                        {
                          "values": "dynamic"
                        }
                      ],
                      "statistic_range_expectation": [
                        "object",
                        {
                          "max_value": "dynamic",
                          "min_value": "dynamic",
                          "statistic": "dynamic",
                          "strict_max_enabled": "dynamic",
                          "strict_min_enabled": "dynamic"
                        }
                      ],
                      "table_condition_expectation": [
                        "object",
                        {
                          "sql_expression": "dynamic"
                        }
                      ],
                      "threshold": "number",
                      "uniqueness_expectation": "dynamic"
                    }
                  ],
                  [
                    "object",
                    {
                      "column": "string",
                      "description": "string",
                      "dimension": "string",
                      "ignore_null": "dynamic",
                      "name": "string",
                      "non_null_expectation": [
                        "object",
                        {}
                      ],
                      "range_expectation": [
                        "object",
                        {
                          "max_value": "dynamic",
                          "min_value": "dynamic",
                          "strict_max_enabled": "dynamic",
                          "strict_min_enabled": "dynamic"
                        }
                      ],
                      "regex_expectation": [
                        "object",
                        {
                          "regex": "dynamic"
                        }
                      ],
                      "row_condition_expectation": [
                        "object",
                        {
                          "sql_expression": "dynamic"
                        }
                      ],
                      "set_expectation": [
                        "object",
                        {
                          "values": "dynamic"
                        }
                      ],
                      "statistic_range_expectation": [
                        "object",
                        {
                          "max_value": "dynamic",
                          "min_value": "dynamic",
                          "statistic": "dynamic",
                          "strict_max_enabled": "dynamic",
                          "strict_min_enabled": "dynamic"
                        }
                      ],
                      "table_condition_expectation": [
                        "object",
                        {
                          "sql_expression": "dynamic"
                        }
                      ],
                      "threshold": "number",
                      "uniqueness_expectation": "dynamic"
                    }
                  ],
                  [
                    "object",
                    {
                      "column": "string",
                      "description": "string",
                      "dimension": "string",
                      "ignore_null": "dynamic",
                      "name": "string",
                      "non_null_expectation": [
                        "object",
                        {}
                      ],
                      "range_expectation": [
                        "object",
                        {
                          "max_value": "dynamic",
                          "min_value": "dynamic",
                          "strict_max_enabled": "dynamic",
                          "strict_min_enabled": "dynamic"
                        }
                      ],
                      "regex_expectation": [
                        "object",
                        {
                          "regex": "dynamic"
                        }
                      ],
                      "row_condition_expectation": [
                        "object",
                        {
                          "sql_expression": "dynamic"
                        }
                      ],
                      "set_expectation": [
                        "object",
                        {
                          "values": "dynamic"
                        }
                      ],
                      "statistic_range_expectation": [
                        "object",
                        {
                          "max_value": "dynamic",
                          "min_value": "dynamic",
                          "statistic": "dynamic",
                          "strict_max_enabled": "dynamic",
                          "strict_min_enabled": "dynamic"
                        }
                      ],
                      "table_condition_expectation": [
                        "object",
                        {
                          "sql_expression": "dynamic"
                        }
                      ],
                      "threshold": "number",
                      "uniqueness_expectation": "dynamic"
                    }
                  ],
                  [
                    "object",
                    {
                      "column": "string",
                      "description": "string",
                      "dimension": "string",
                      "ignore_null": "dynamic",
                      "name": "string",
                      "non_null_expectation": "dynamic",
                      "range_expectation": [
                        "object",
                        {
                          "max_value": "dynamic",
                          "min_value": "dynamic",
                          "strict_max_enabled": "dynamic",
                          "strict_min_enabled": "dynamic"
                        }
                      ],
                      "regex_expectation": [
                        "object",
                        {
                          "regex": "dynamic"
                        }
                      ],
                      "row_condition_expectation": [
                        "object",
                        {
                          "sql_expression": "dynamic"
                        }
                      ],
                      "set_expectation": [
                        "object",
                        {
                          "values": "dynamic"
                        }
                      ],
                      "statistic_range_expectation": [
                        "object",
                        {
                          "max_value": "dynamic",
                          "min_value": "dynamic",
                          "statistic": "dynamic",
                          "strict_max_enabled": "dynamic",
                          "strict_min_enabled": "dynamic"
                        }
                      ],
                      "table_condition_expectation": [
                        "object",
                        {
                          "sql_expression": "dynamic"
                        }
                      ],
                      "threshold": "dynamic",
                      "uniqueness_expectation": [
                        "object",
                        {}
                      ]
                    }
                  ],
                  [
                    "object",
                    {
                      "column": "string",
                      "description": "string",
                      "dimension": "string",
                      "ignore_null": "bool",
                      "name": "string",
                      "non_null_expectation": "dynamic",
                      "range_expectation": [
                        "object",
                        {
                          "max_value": "dynamic",
                          "min_value": "dynamic",
                          "strict_max_enabled": "dynamic",
                          "strict_min_enabled": "dynamic"
                        }
                      ],
                      "regex_expectation": [
                        "object",
                        {
                          "regex": "dynamic"
                        }
                      ],
                      "row_condition_expectation": [
                        "object",
                        {
                          "sql_expression": "dynamic"
                        }
                      ],
                      "set_expectation": [
                        "object",
                        {
                          "values": [
                            "tuple",
                            [
                              "string",
                              "string",
                              "string",
                              "string",
                              "string"
                            ]
                          ]
                        }
                      ],
                      "statistic_range_expectation": [
                        "object",
                        {
                          "max_value": "dynamic",
                          "min_value": "dynamic",
                          "statistic": "dynamic",
                          "strict_max_enabled": "dynamic",
                          "strict_min_enabled": "dynamic"
                        }
                      ],
                      "table_condition_expectation": [
                        "object",
                        {
                          "sql_expression": "dynamic"
                        }
                      ],
                      "threshold": "dynamic",
                      "uniqueness_expectation": "dynamic"
                    }
                  ],
                  [
                    "object",
                    {
                      "column": "string",
                      "description": "string",
                      "dimension": "string",
                      "ignore_null": "bool",
                      "name": "string",
                      "non_null_expectation": "dynamic",
                      "range_expectation": [
                        "object",
                        {
                          "max_value": "string",
                          "min_value": "dynamic",
                          "strict_max_enabled": "bool",
                          "strict_min_enabled": "bool"
                        }
                      ],
                      "regex_expectation": [
                        "object",
                        {
                          "regex": "dynamic"
                        }
                      ],
                      "row_condition_expectation": [
                        "object",
                        {
                          "sql_expression": "dynamic"
                        }
                      ],
                      "set_expectation": [
                        "object",
                        {
                          "values": "dynamic"
                        }
                      ],
                      "statistic_range_expectation": [
                        "object",
                        {
                          "max_value": "dynamic",
                          "min_value": "dynamic",
                          "statistic": "dynamic",
                          "strict_max_enabled": "dynamic",
                          "strict_min_enabled": "dynamic"
                        }
                      ],
                      "table_condition_expectation": [
                        "object",
                        {
                          "sql_expression": "dynamic"
                        }
                      ],
                      "threshold": "number",
                      "uniqueness_expectation": "dynamic"
                    }
                  ],
                  [
                    "object",
                    {
                      "column": "dynamic",
                      "description": "string",
                      "dimension": "string",
                      "ignore_null": "dynamic",
                      "name": "string",
                      "non_null_expectation": "dynamic",
                      "range_expectation": [
                        "object",
                        {
                          "max_value": "dynamic",
                          "min_value": "dynamic",
                          "strict_max_enabled": "dynamic",
                          "strict_min_enabled": "dynamic"
                        }
                      ],
                      "regex_expectation": [
                        "object",
                        {
                          "regex": "dynamic"
                        }
                      ],
                      "row_condition_expectation": [
                        "object",
                        {
                          "sql_expression": "dynamic"
                        }
                      ],
                      "set_expectation": [
                        "object",
                        {
                          "values": "dynamic"
                        }
                      ],
                      "statistic_range_expectation": [
                        "object",
                        {
                          "max_value": "dynamic",
                          "min_value": "dynamic",
                          "statistic": "dynamic",
                          "strict_max_enabled": "dynamic",
                          "strict_min_enabled": "dynamic"
                        }
                      ],
                      "table_condition_expectation": [
                        "object",
                        {
                          "sql_expression": "string"
                        }
                      ],
                      "threshold": "dynamic",
                      "uniqueness_expectation": "dynamic"
                    }
                  ]
                ]
              ]
            }
          ]
        ]
      ]
    },
    "tttttt": {
      "value": {
        "EPM_PINS_UDOT": "/rules/epmpins.yaml",
        "dev": "/rules/orders.yaml"
      },
      "type": [
        "object",
        {
          "EPM_PINS_UDOT": "string",
          "dev": "string"
        }
      ]
    }
  },
  "resources": [
    {
      "mode": "managed",
      "type": "random_id",
      "name": "id",
      "provider": "provider[\"registry.terraform.io/hashicorp/random\"]",
      "instances": [
        {
          "schema_version": 0,
          "attributes": {
            "b64_std": "xLPuzFcn6ik=",
            "b64_url": "xLPuzFcn6ik",
            "byte_length": 8,
            "dec": "14173935013668055593",
            "hex": "c4b3eecc5727ea29",
            "id": "xLPuzFcn6ik",
            "keepers": {
              "first": "2025-03-14T00:26:14Z"
            },
            "prefix": null
          },
          "sensitive_attributes": []
        }
      ]
    },
    {
      "module": "module.project-services",
      "mode": "data",
      "type": "google_compute_default_service_account",
      "name": "default",
      "provider": "provider[\"registry.terraform.io/hashicorp/google\"]",
      "instances": []
    },
    {
      "module": "module.project-services",
      "mode": "managed",
      "type": "google_project_iam_member",
      "name": "project_service_identity_roles",
      "provider": "provider[\"registry.terraform.io/hashicorp/google\"]",
      "instances": []
    },
    {
      "module": "module.project-services",
      "mode": "managed",
      "type": "google_project_service_identity",
      "name": "project_service_identities",
      "provider": "provider[\"registry.terraform.io/hashicorp/google-beta\"]",
      "instances": []
    }
  ],
  "check_results": null
}
