{
  "version": 4,
  "terraform_version": "1.10.5",
  "serial": 1,
  "lineage": "0f6097cb-57de-5c6a-0c22-6e0602931556",
  "outputs": {
    "bigquery_dataset": {
      "value": "rashmi_d5d60989",
      "type": "string"
    },
    "bigquery_table": {
      "value": "masking-table-sample",
      "type": "string"
    }
  },
  "resources": [
    {
      "mode": "data",
      "type": "local_file",
      "name": "table_schema",
      "provider": "provider[\"registry.terraform.io/hashicorp/local\"]",
      "instances": [
        {
          "schema_version": 0,
          "attributes": {
            "content": "[\r\n  {\r\n    \"mode\": \"REQUIRED\",\r\n    \"name\": \"id\",\r\n    \"type\": \"BIGNUMERIC\"\r\n  },\r\n  {\r\n    \"mode\": \"REQUIRED\",\r\n    \"name\": \"status\",\r\n    \"type\": \"STRING\"\r\n  }\r\n]\r\n",
            "content_base64": "Ww0KICB7DQogICAgIm1vZGUiOiAiUkVRVUlSRUQiLA0KICAgICJuYW1lIjogImlkIiwNCiAgICAidHlwZSI6ICJCSUdOVU1FUklDIg0KICB9LA0KICB7DQogICAgIm1vZGUiOiAiUkVRVUlSRUQiLA0KICAgICJuYW1lIjogInN0YXR1cyIsDQogICAgInR5cGUiOiAiU1RSSU5HIg0KICB9DQpdDQo=",
            "content_base64sha256": "awqdWvqa9qm0nC55Et8gERPnSIUy9t/T5UNCjakSS/s=",
            "content_base64sha512": "o/0vW8uM1T1GYNhv7TqgxviJst+1m599UE7LNc1L5u3RG2NGTAeAVSasvpOBo1n2LoTvxAPcj3MSe9aTYihNNg==",
            "content_md5": "9e0a2217aebe76f4d040bf70d6838add",
            "content_sha1": "e79aafd577906fb61732ebded75154fe81881d53",
            "content_sha256": "6b0a9d5afa9af6a9b49c2e7912df201113e7488532f6dfd3e543428da9124bfb",
            "content_sha512": "a3fd2f5bcb8cd53d4660d86fed3aa0c6f889b2dfb59b9f7d504ecb35cd4be6edd11b63464c07805526acbe9381a359f62e84efc403dc8f73127bd69362284d36",
            "filename": "C:/Users/raskarnik/Documents/UDOT/Terraform-datapolicy/Terrafor-DataMasking/modules/deploy/schemas/masking-table-sample_schema.json",
            "id": "e79aafd577906fb61732ebded75154fe81881d53"
          },
          "sensitive_attributes": []
        }
      ]
    },
    {
      "mode": "managed",
      "type": "google_bigquery_table",
      "name": "my_table",
      "provider": "provider[\"registry.terraform.io/hashicorp/google\"]",
      "instances": [
        {
          "schema_version": 0,
          "attributes": {
            "allow_resource_tags_on_deletion": false,
            "clustering": null,
            "creation_time": -733166139,
            "dataset_id": "rashmi_d5d60989",
            "deletion_protection": true,
            "description": "",
            "effective_labels": {},
            "encryption_configuration": [],
            "etag": "AfLvXBy/McPJN0lpAJRlkA==",
            "expiration_time": 0,
            "external_data_configuration": [],
            "friendly_name": "",
            "id": "projects/inlaid-goods-451523-i3/datasets/rashmi_d5d60989/tables/masking-table-sample",
            "labels": {},
            "last_modified_time": -707648593,
            "location": "us-central1",
            "materialized_view": [],
            "max_staleness": "",
            "num_bytes": 205,
            "num_long_term_bytes": 0,
            "num_rows": 5,
            "project": "inlaid-goods-451523-i3",
            "range_partitioning": [],
            "require_partition_filter": false,
            "resource_tags": {},
            "schema": "[{\"mode\":\"REQUIRED\",\"name\":\"id\",\"type\":\"BIGNUMERIC\"},{\"mode\":\"REQUIRED\",\"name\":\"status\",\"policyTags\":{\"names\":[\"projects/inlaid-goods-451523-i3/locations/us-central1/taxonomies/6191079111579719448/policyTags/6622821653773859926\"]},\"type\":\"STRING\"}]",
            "self_link": "https://bigquery.googleapis.com/bigquery/v2/projects/inlaid-goods-451523-i3/datasets/rashmi_d5d60989/tables/masking-table-sample",
            "table_constraints": [],
            "table_id": "masking-table-sample",
            "table_replication_info": [],
            "terraform_labels": {},
            "time_partitioning": [],
            "type": "TABLE",
            "view": []
          },
          "sensitive_attributes": [],
          "private": "eyJzY2hlbWFfdmVyc2lvbiI6IjAifQ=="
        }
      ]
    },
    {
      "module": "module.project-services",
      "mode": "data",
      "type": "google_compute_default_service_account",
      "name": "default",
      "provider": "provider[\"registry.terraform.io/hashicorp/google\"]",
      "instances": []
    },
    {
      "module": "module.project-services",
      "mode": "managed",
      "type": "google_project_iam_member",
      "name": "project_service_identity_roles",
      "provider": "provider[\"registry.terraform.io/hashicorp/google\"]",
      "instances": []
    },
    {
      "module": "module.project-services",
      "mode": "managed",
      "type": "google_project_service_identity",
      "name": "project_service_identities",
      "provider": "provider[\"registry.terraform.io/hashicorp/google-beta\"]",
      "instances": []
    }
  ],
  "check_results": null
}
